# This file is autogenerated, do not edit; changes may be undone by the next 'dep ensure'.


[[projects]]
  digest = "1:3fa846cb3feb4e65371fe3c347c299de9b5bc3e71e256c0d940cd19b767a6ba0"
  name = "github.com/eclipse/paho.mqtt.golang"
  packages = [
    ".",
    "packets",
  ]
  pruneopts = ""
  revision = "36d01c2b4cbeb3d2a12063e4880ce30800af9560"
  version = "v1.1.1"

[[projects]]
  digest = "1:dbbeb8ddb0be949954c8157ee8439c2adfd8dc1c9510eb44a6e58cb68c3dce28"
  name = "github.com/gorilla/context"
  packages = ["."]
  pruneopts = ""
  revision = "08b5f424b9271eedf6f9f0ce86cb9396ed337a42"
  version = "v1.1.1"

[[projects]]
  digest = "1:c2c8666b4836c81a1d247bdf21c6a6fc1ab586538ab56f74437c2e0df5c375e1"
  name = "github.com/gorilla/mux"
  packages = ["."]
  pruneopts = ""
  revision = "e3702bed27f0d39777b0b37b664b6280e8ef8fbf"
  version = "v1.6.2"

[[projects]]
  branch = "master"
  digest = "1:33ff56b9cc51b337d3bf1f5b375c9928221f7cfa72e94773d48482d5437f6468"
  name = "golang.org/x/net"
  packages = [
    "internal/socks",
    "proxy",
    "websocket",
  ]
  pruneopts = ""
  revision = "a544f70c90f196e50d198126db0c4cb2b562fec0"

[solve-meta]
  analyzer-name = "dep"
  analyzer-version = 1
  input-imports = [
    "github.com/eclipse/paho.mqtt.golang",
    "github.com/gorilla/mux",
  ]
  solver-name = "gps-cdcl"
  solver-version = 1
